// !$*UTF8*$!
{
	archiveVersion = 1;
	classes = {
	};
	objectVersion = 50;
	objects = {

/* Begin PBXBuildFile section */
		B31BD717257A67F9002D34F7 /* AppDelegate.swift in Sources */ = {isa = PBXBuildFile; fileRef = B31BD716257A67F9002D34F7 /* AppDelegate.swift */; };
		B31BD719257A67F9002D34F7 /* art.scnassets in Resources */ = {isa = PBXBuildFile; fileRef = B31BD718257A67F9002D34F7 /* art.scnassets */; };
		B31BD71B257A67F9002D34F7 /* GameViewController.swift in Sources */ = {isa = PBXBuildFile; fileRef = B31BD71A257A67F9002D34F7 /* GameViewController.swift */; };
		B31BD71E257A67F9002D34F7 /* Main.storyboard in Resources */ = {isa = PBXBuildFile; fileRef = B31BD71C257A67F9002D34F7 /* Main.storyboard */; };
		B31BD720257A67FB002D34F7 /* Assets.xcassets in Resources */ = {isa = PBXBuildFile; fileRef = B31BD71F257A67FB002D34F7 /* Assets.xcassets */; };
		B31BD731257A6D8D002D34F7 /* HeadphoneMotionManager.swift in Sources */ = {isa = PBXBuildFile; fileRef = B31BD730257A6D8D002D34F7 /* HeadphoneMotionManager.swift */; };
		B31BD735257A6EF2002D34F7 /* GameViewController+SceneRendererDelegate.swift in Sources */ = {isa = PBXBuildFile; fileRef = B31BD734257A6EF2002D34F7 /* GameViewController+SceneRendererDelegate.swift */; };
/* End PBXBuildFile section */

/* Begin PBXFileReference section */
		B31BD713257A67F9002D34F7 /* HeadphoneMotion.app */ = {isa = PBXFileReference; explicitFileType = wrapper.application; includeInIndex = 0; path = HeadphoneMotion.app; sourceTree = BUILT_PRODUCTS_DIR; };
		B31BD716257A67F9002D34F7 /* AppDelegate.swift */ = {isa = PBXFileReference; lastKnownFileType = sourcecode.swift; path = AppDelegate.swift; sourceTree = "<group>"; };
		B31BD718257A67F9002D34F7 /* art.scnassets */ = {isa = PBXFileReference; lastKnownFileType = wrapper.scnassets; path = art.scnassets; sourceTree = "<group>"; };
		B31BD71A257A67F9002D34F7 /* GameViewController.swift */ = {isa = PBXFileReference; lastKnownFileType = sourcecode.swift; path = GameViewController.swift; sourceTree = "<group>"; };
		B31BD71D257A67F9002D34F7 /* Base */ = {isa = PBXFileReference; lastKnownFileType = file.storyboard; name = Base; path = Base.lproj/Main.storyboard; sourceTree = "<group>"; };
		B31BD71F257A67FB002D34F7 /* Assets.xcassets */ = {isa = PBXFileReference; lastKnownFileType = folder.assetcatalog; path = Assets.xcassets; sourceTree = "<group>"; };
		B31BD721257A67FB002D34F7 /* Info.plist */ = {isa = PBXFileReference; lastKnownFileType = text.plist.xml; path = Info.plist; sourceTree = "<group>"; };
		B31BD730257A6D8D002D34F7 /* HeadphoneMotionManager.swift */ = {isa = PBXFileReference; fileEncoding = 4; lastKnownFileType = sourcecode.swift; path = HeadphoneMotionManager.swift; sourceTree = "<group>"; };
		B31BD734257A6EF2002D34F7 /* GameViewController+SceneRendererDelegate.swift */ = {isa = PBXFileReference; lastKnownFileType = sourcecode.swift; path = "GameViewController+SceneRendererDelegate.swift"; sourceTree = "<group>"; };
/* End PBXFileReference section */

/* Begin PBXFrameworksBuildPhase section */
		B31BD710257A67F9002D34F7 /* Frameworks */ = {
			isa = PBXFrameworksBuildPhase;
			buildActionMask = 2147483647;
			files = (
			);
			runOnlyForDeploymentPostprocessing = 0;
		};
/* End PBXFrameworksBuildPhase section */

/* Begin PBXGroup section */
		B31BD70A257A67F9002D34F7 = {
			isa = PBXGroup;
			children = (
				B31BD715257A67F9002D34F7 /* HeadphoneMotion */,
				B31BD714257A67F9002D34F7 /* Products */,
			);
			sourceTree = "<group>";
		};
		B31BD714257A67F9002D34F7 /* Products */ = {
			isa = PBXGroup;
			children = (
				B31BD713257A67F9002D34F7 /* HeadphoneMotion.app */,
			);
			name = Products;
			sourceTree = "<group>";
		};
		B31BD715257A67F9002D34F7 /* HeadphoneMotion */ = {
			isa = PBXGroup;
			children = (
				B31BD716257A67F9002D34F7 /* AppDelegate.swift */,
				B31BD71A257A67F9002D34F7 /* GameViewController.swift */,
				B31BD734257A6EF2002D34F7 /* GameViewController+SceneRendererDelegate.swift */,
				B31BD730257A6D8D002D34F7 /* HeadphoneMotionManager.swift */,
				B31BD728257A6A78002D34F7 /* Resources */,
			);
			path = HeadphoneMotion;
			sourceTree = "<group>";
		};
		B31BD728257A6A78002D34F7 /* Resources */ = {
			isa = PBXGroup;
			children = (
				B31BD718257A67F9002D34F7 /* art.scnassets */,
				B31BD71F257A67FB002D34F7 /* Assets.xcassets */,
				B31BD721257A67FB002D34F7 /* Info.plist */,
				B31BD71C257A67F9002D34F7 /* Main.storyboard */,
			);
			path = Resources;
			sourceTree = "<group>";
		};
/* End PBXGroup section */

/* Begin PBXNativeTarget section */
		B31BD712257A67F9002D34F7 /* HeadphoneMotion */ = {
			isa = PBXNativeTarget;
			buildConfigurationList = B31BD724257A67FB002D34F7 /* Build configuration list for PBXNativeTarget "HeadphoneMotion" */;
			buildPhases = (
				B31BD70F257A67F9002D34F7 /* Sources */,
				B31BD710257A67F9002D34F7 /* Frameworks */,
				B31BD711257A67F9002D34F7 /* Resources */,
			);
			buildRules = (
			);
			dependencies = (
			);
			name = HeadphoneMotion;
			productName = HeadphoneMotion;
			productReference = B31BD713257A67F9002D34F7 /* HeadphoneMotion.app */;
			productType = "com.apple.product-type.application";
		};
/* End PBXNativeTarget section */

/* Begin PBXProject section */
		B31BD70B257A67F9002D34F7 /* Project object */ = {
			isa = PBXProject;
			attributes = {
				LastSwiftUpdateCheck = 1220;
				LastUpgradeCheck = 1220;
				TargetAttributes = {
					B31BD712257A67F9002D34F7 = {
						CreatedOnToolsVersion = 12.2;
					};
				};
			};
			buildConfigurationList = B31BD70E257A67F9002D34F7 /* Build configuration list for PBXProject "HeadphoneMotion" */;
			compatibilityVersion = "Xcode 9.3";
			developmentRegion = en;
			hasScannedForEncodings = 0;
			knownRegions = (
				en,
				Base,
			);
			mainGroup = B31BD70A257A67F9002D34F7;
			productRefGroup = B31BD714257A67F9002D34F7 /* Products */;
			projectDirPath = "";
			projectRoot = "";
			targets = (
				B31BD712257A67F9002D34F7 /* HeadphoneMotion */,
			);
		};
/* End PBXProject section */

/* Begin PBXResourcesBuildPhase section */
		B31BD711257A67F9002D34F7 /* Resources */ = {
			isa = PBXResourcesBuildPhase;
			buildActionMask = 2147483647;
			files = (
				B31BD719257A67F9002D34F7 /* art.scnassets in Resources */,
				B31BD720257A67FB002D34F7 /* Assets.xcassets in Resources */,
				B31BD71E257A67F9002D34F7 /* Main.storyboard in Resources */,
			);
			runOnlyForDeploymentPostprocessing = 0;
		};
/* End PBXResourcesBuildPhase section */

/* Begin PBXSourcesBuildPhase section */
		B31BD70F257A67F9002D34F7 /* Sources */ = {
			isa = PBXSourcesBuildPhase;
			buildActionMask = 2147483647;
			files = (
				B31BD731257A6D8D002D34F7 /* HeadphoneMotionManager.swift in Sources */,
				B31BD735257A6EF2002D34F7 /* GameViewController+SceneRendererDelegate.swift in Sources */,
				B31BD71B257A67F9002D34F7 /* GameViewController.swift in Sources */,
				B31BD717257A67F9002D34F7 /* AppDelegate.swift in Sources */,
			);
			runOnlyForDeploymentPostprocessing = 0;
		};
/* End PBXSourcesBuildPhase section */

/* Begin PBXVariantGroup section */
		B31BD71C257A67F9002D34F7 /* Main.storyboard */ = {
			isa = PBXVariantGroup;
			children = (
				B31BD71D257A67F9002D34F7 /* Base */,
			);
			name = Main.storyboard;
			sourceTree = "<group>";
		};
/* End PBXVariantGroup section */

/* Begin XCBuildConfiguration section */
		B31BD722257A67FB002D34F7 /* Debug */ = {
			isa = XCBuildConfiguration;
			buildSettings = {
				ALWAYS_SEARCH_USER_PATHS = NO;
				CLANG_ANALYZER_NONNULL = YES;
				CLANG_ANALYZER_NUMBER_OBJECT_CONVERSION = YES_AGGRESSIVE;
				CLANG_CXX_LANGUAGE_STANDARD = "gnu++14";
				CLANG_CXX_LIBRARY = "libc++";
				CLANG_ENABLE_MODULES = YES;
				CLANG_ENABLE_OBJC_ARC = YES;
				CLANG_ENABLE_OBJC_WEAK = YES;
				CLANG_WARN_BLOCK_CAPTURE_AUTORELEASING = YES;
				CLANG_WARN_BOOL_CONVERSION = YES;
				CLANG_WARN_COMMA = YES;
				CLANG_WARN_CONSTANT_CONVERSION = YES;
				CLANG_WARN_DEPRECATED_OBJC_IMPLEMENTATIONS = YES;
				CLANG_WARN_DIRECT_OBJC_ISA_USAGE = YES_ERROR;
				CLANG_WARN_DOCUMENTATION_COMMENTS = YES;
				CLANG_WARN_EMPTY_BODY = YES;
				CLANG_WARN_ENUM_CONVERSION = YES;
				CLANG_WARN_INFINITE_RECURSION = YES;
				CLANG_WARN_INT_CONVERSION = YES;
				CLANG_WARN_NON_LITERAL_NULL_CONVERSION = YES;
				CLANG_WARN_OBJC_IMPLICIT_RETAIN_SELF = YES;
				CLANG_WARN_OBJC_LITERAL_CONVERSION = YES;
				CLANG_WARN_OBJC_ROOT_CLASS = YES_ERROR;
				CLANG_WARN_QUOTED_INCLUDE_IN_FRAMEWORK_HEADER = YES;
				CLANG_WARN_RANGE_LOOP_ANALYSIS = YES;
				CLANG_WARN_STRICT_PROTOTYPES = YES;
				CLANG_WARN_SUSPICIOUS_MOVE = YES;
				CLANG_WARN_UNGUARDED_AVAILABILITY = YES_AGGRESSIVE;
				CLANG_WARN_UNREACHABLE_CODE = YES;
				CLANG_WARN__DUPLICATE_METHOD_MATCH = YES;
				COPY_PHASE_STRIP = NO;
				DEBUG_INFORMATION_FORMAT = dwarf;
				ENABLE_STRICT_OBJC_MSGSEND = YES;
				ENABLE_TESTABILITY = YES;
				GCC_C_LANGUAGE_STANDARD = gnu11;
				GCC_DYNAMIC_NO_PIC = NO;
				GCC_NO_COMMON_BLOCKS = YES;
				GCC_OPTIMIZATION_LEVEL = 0;
				GCC_PREPROCESSOR_DEFINITIONS = (
					"DEBUG=1",
					"$(inherited)",
				);
				GCC_WARN_64_TO_32_BIT_CONVERSION = YES;
				GCC_WARN_ABOUT_RETURN_TYPE = YES_ERROR;
				GCC_WARN_UNDECLARED_SELECTOR = YES;
				GCC_WARN_UNINITIALIZED_AUTOS = YES_AGGRESSIVE;
				GCC_WARN_UNUSED_FUNCTION = YES;
				GCC_WARN_UNUSED_VARIABLE = YES;
				IPHONEOS_DEPLOYMENT_TARGET = 14.2;
				MTL_ENABLE_DEBUG_INFO = INCLUDE_SOURCE;
				MTL_FAST_MATH = YES;
				ONLY_ACTIVE_ARCH = YES;
				SDKROOT = iphoneos;
				SWIFT_ACTIVE_COMPILATION_CONDITIONS = DEBUG;
				SWIFT_OPTIMIZATION_LEVEL = "-Onone";
			};
			name = Debug;
		};
		B31BD723257A67FB002D34F7 /* Release */ = {
			isa = XCBuildConfiguration;
			buildSettings = {
				ALWAYS_SEARCH_USER_PATHS = NO;
				CLANG_ANALYZER_NONNULL = YES;
				CLANG_ANALYZER_NUMBER_OBJECT_CONVERSION = YES_AGGRESSIVE;
				CLANG_CXX_LANGUAGE_STANDARD = "gnu++14";
				CLANG_CXX_LIBRARY = "libc++";
				CLANG_ENABLE_MODULES = YES;
				CLANG_ENABLE_OBJC_ARC = YES;
				CLANG_ENABLE_OBJC_WEAK = YES;
				CLANG_WARN_BLOCK_CAPTURE_AUTORELEASING = YES;
				CLANG_WARN_BOOL_CONVERSION = YES;
				CLANG_WARN_COMMA = YES;
				CLANG_WARN_CONSTANT_CONVERSION = YES;
				CLANG_WARN_DEPRECATED_OBJC_IMPLEMENTATIONS = YES;
				CLANG_WARN_DIRECT_OBJC_ISA_USAGE = YES_ERROR;
				CLANG_WARN_DOCUMENTATION_COMMENTS = YES;
				CLANG_WARN_EMPTY_BODY = YES;
				CLANG_WARN_ENUM_CONVERSION = YES;
				CLANG_WARN_INFINITE_RECURSION = YES;
				CLANG_WARN_INT_CONVERSION = YES;
				CLANG_WARN_NON_LITERAL_NULL_CONVERSION = YES;
				CLANG_WARN_OBJC_IMPLICIT_RETAIN_SELF = YES;
				CLANG_WARN_OBJC_LITERAL_CONVERSION = YES;
				CLANG_WARN_OBJC_ROOT_CLASS = YES_ERROR;
				CLANG_WARN_QUOTED_INCLUDE_IN_FRAMEWORK_HEADER = YES;
				CLANG_WARN_RANGE_LOOP_ANALYSIS = YES;
				CLANG_WARN_STRICT_PROTOTYPES = YES;
				CLANG_WARN_SUSPICIOUS_MOVE = YES;
				CLANG_WARN_UNGUARDED_AVAILABILITY = YES_AGGRESSIVE;
				CLANG_WARN_UNREACHABLE_CODE = YES;
				CLANG_WARN__DUPLICATE_METHOD_MATCH = YES;
				COPY_PHASE_STRIP = NO;
				DEBUG_INFORMATION_FORMAT = "dwarf-with-dsym";
				ENABLE_NS_ASSERTIONS = NO;
				ENABLE_STRICT_OBJC_MSGSEND = YES;
				GCC_C_LANGUAGE_STANDARD = gnu11;
				GCC_NO_COMMON_BLOCKS = YES;
				GCC_WARN_64_TO_32_BIT_CONVERSION = YES;
				GCC_WARN_ABOUT_RETURN_TYPE = YES_ERROR;
				GCC_WARN_UNDECLARED_SELECTOR = YES;
				GCC_WARN_UNINITIALIZED_AUTOS = YES_AGGRESSIVE;
				GCC_WARN_UNUSED_FUNCTION = YES;
				GCC_WARN_UNUSED_VARIABLE = YES;
				IPHONEOS_DEPLOYMENT_TARGET = 14.2;
				MTL_ENABLE_DEBUG_INFO = NO;
				MTL_FAST_MATH = YES;
				SDKROOT = iphoneos;
				SWIFT_COMPILATION_MODE = wholemodule;
				SWIFT_OPTIMIZATION_LEVEL = "-O";
				VALIDATE_PRODUCT = YES;
			};
			name = Release;
		};
		B31BD725257A67FB002D34F7 /* Debug */ = {
			isa = XCBuildConfiguration;
			buildSettings = {
				ASSETCATALOG_COMPILER_APPICON_NAME = AppIcon;
				ASSETCATALOG_COMPILER_GLOBAL_ACCENT_COLOR_NAME = AccentColor;
				CODE_SIGN_STYLE = Automatic;
				DEVELOPMENT_TEAM = UDMNVRN9SE;
				INFOPLIST_FILE = HeadphoneMotion/Resources/Info.plist;
				LD_RUNPATH_SEARCH_PATHS = (
					"$(inherited)",
					"@executable_path/Frameworks",
				);
				PRODUCT_BUNDLE_IDENTIFIER = com.vk.HeadphoneMotion;
				PRODUCT_NAME = "$(TARGET_NAME)";
				SWIFT_VERSION = 5.0;
				TARGETED_DEVICE_FAMILY = "1,2";
			};
			name = Debug;
		};
		B31BD726257A67FB002D34F7 /* Release */ = {
			isa = XCBuildConfiguration;
			buildSettings = {
				ASSETCATALOG_COMPILER_APPICON_NAME = AppIcon;
				ASSETCATALOG_COMPILER_GLOBAL_ACCENT_COLOR_NAME = AccentColor;
				CODE_SIGN_STYLE = Automatic;
				DEVELOPMENT_TEAM = UDMNVRN9SE;
				INFOPLIST_FILE = HeadphoneMotion/Resources/Info.plist;
				LD_RUNPATH_SEARCH_PATHS = (
					"$(inherited)",
					"@executable_path/Frameworks",
				);
				PRODUCT_BUNDLE_IDENTIFIER = com.vk.HeadphoneMotion;
				PRODUCT_NAME = "$(TARGET_NAME)";
				SWIFT_VERSION = 5.0;
				TARGETED_DEVICE_FAMILY = "1,2";
			};
			name = Release;
		};
/* End XCBuildConfiguration section */

/* Begin XCConfigurationList section */
		B31BD70E257A67F9002D34F7 /* Build configuration list for PBXProject "HeadphoneMotion" */ = {
			isa = XCConfigurationList;
			buildConfigurations = (
				B31BD722257A67FB002D34F7 /* Debug */,
				B31BD723257A67FB002D34F7 /* Release */,
			);
			defaultConfigurationIsVisible = 0;
			defaultConfigurationName = Release;
		};
		B31BD724257A67FB002D34F7 /* Build configuration list for PBXNativeTarget "HeadphoneMotion" */ = {
			isa = XCConfigurationList;
			buildConfigurations = (
				B31BD725257A67FB002D34F7 /* Debug */,
				B31BD726257A67FB002D34F7 /* Release */,
			);
			defaultConfigurationIsVisible = 0;
			defaultConfigurationName = Release;
		};
/* End XCConfigurationList section */
	};
	rootObject = B31BD70B257A67F9002D34F7 /* Project object */;
}
